
Microsoft Visual Studio Solution File, Format Version 12.00
# Visual Studio Version 17
VisualStudioVersion = 17.11.35312.102
MinimumVisualStudioVersion = 10.0.40219.1
Project("{FAE04EC0-301F-11D3-BF4B-00C04F79EFBC}") = "Customer.API", "Customer.API\Customer.API.csproj", "{95065CC1-6BE6-42E1-9250-05ADCD690FCB}"
EndProject
Project("{FAE04EC0-301F-11D3-BF4B-00C04F79EFBC}") = "Customer.UI", "Customer.UI\Customer.UI.csproj", "{9FAA960C-6EA1-40CE-AD65-99E3EB6E1B4B}"
EndProject
Global
	GlobalSection(SolutionConfigurationPlatforms) = preSolution
		Debug|Any CPU = Debug|Any CPU
		Release|Any CPU = Release|Any CPU
	EndGlobalSection
	GlobalSection(ProjectConfigurationPlatforms) = postSolution
		{95065CC1-6BE6-42E1-9250-05ADCD690FCB}.Debug|Any CPU.ActiveCfg = Debug|Any CPU
		{95065CC1-6BE6-42E1-9250-05ADCD690FCB}.Debug|Any CPU.Build.0 = Debug|Any CPU
		{95065CC1-6BE6-42E1-9250-05ADCD690FCB}.Release|Any CPU.ActiveCfg = Release|Any CPU
		{95065CC1-6BE6-42E1-9250-05ADCD690FCB}.Release|Any CPU.Build.0 = Release|Any CPU
		{9FAA960C-6EA1-40CE-AD65-99E3EB6E1B4B}.Debug|Any CPU.ActiveCfg = Debug|Any CPU
		{9FAA960C-6EA1-40CE-AD65-99E3EB6E1B4B}.Debug|Any CPU.Build.0 = Debug|Any CPU
		{9FAA960C-6EA1-40CE-AD65-99E3EB6E1B4B}.Release|Any CPU.ActiveCfg = Release|Any CPU
		{9FAA960C-6EA1-40CE-AD65-99E3EB6E1B4B}.Release|Any CPU.Build.0 = Release|Any CPU
	EndGlobalSection
	GlobalSection(SolutionProperties) = preSolution
		HideSolutionNode = FALSE
	EndGlobalSection
	GlobalSection(ExtensibilityGlobals) = postSolution
		SolutionGuid = {7E659986-84B3-446A-AF08-36F94CBDCE8D}
	EndGlobalSection
EndGlobal
